Microsoft Visual Studio Solution File, Format Version 12.00
# Visual Studio Version 16
VisualStudioVersion = 16.0.0.0
MinimumVisualStudioVersion = 16.0.0.0
Project("{9A19103F-16F7-4668-BE54-9A1E7A4F7556}") = "AxleLoadSystem", "AxleLoadSystem\AxleLoadSystem.csproj", "{B60701D1-C34C-46EF-AEDB-7D7A39AB6874}"
EndProject
Project("{9A19103F-16F7-4668-BE54-9A1E7A4F7556}") = "AxleLoadSystem.Client", "AxleLoadSystem.Client\AxleLoadSystem.Client.csproj", "{911769A2-5508-4A83-BC77-DACB10304F41}"
EndProject
Global
	GlobalSection(SolutionConfigurationPlatforms) = preSolution
		Debug|Any CPU = Debug|Any CPU
		Debug|x64 = Debug|x64
		Debug|x86 = Debug|x86
		Release|Any CPU = Release|Any CPU
		Release|x64 = Release|x64
		Release|x86 = Release|x86
	EndGlobalSection
	GlobalSection(ProjectConfigurationPlatforms) = postSolution
		{911769A2-5508-4A83-BC77-DACB10304F41}.Debug|Any CPU.ActiveCfg = Debug|Any CPU
		{911769A2-5508-4A83-BC77-DACB10304F41}.Debug|Any CPU.Build.0 = Debug|Any CPU
		{911769A2-5508-4A83-BC77-DACB10304F41}.Debug|x64.ActiveCfg = Debug|Any CPU
		{911769A2-5508-4A83-BC77-DACB10304F41}.Debug|x64.Build.0 = Debug|Any CPU
		{911769A2-5508-4A83-BC77-DACB10304F41}.Debug|x86.ActiveCfg = Debug|Any CPU
		{911769A2-5508-4A83-BC77-DACB10304F41}.Debug|x86.Build.0 = Debug|Any CPU
		{911769A2-5508-4A83-BC77-DACB10304F41}.Release|Any CPU.ActiveCfg = Release|Any CPU
		{911769A2-5508-4A83-BC77-DACB10304F41}.Release|Any CPU.Build.0 = Release|Any CPU
		{911769A2-5508-4A83-BC77-DACB10304F41}.Release|x64.ActiveCfg = Release|Any CPU
		{911769A2-5508-4A83-BC77-DACB10304F41}.Release|x64.Build.0 = Release|Any CPU
		{911769A2-5508-4A83-BC77-DACB10304F41}.Release|x86.ActiveCfg = Release|Any CPU
		{911769A2-5508-4A83-BC77-DACB10304F41}.Release|x86.Build.0 = Release|Any CPU
		{B60701D1-C34C-46EF-AEDB-7D7A39AB6874}.Debug|Any CPU.ActiveCfg = Debug|Any CPU
		{B60701D1-C34C-46EF-AEDB-7D7A39AB6874}.Debug|Any CPU.Build.0 = Debug|Any CPU
		{B60701D1-C34C-46EF-AEDB-7D7A39AB6874}.Debug|x64.ActiveCfg = Debug|Any CPU
		{B60701D1-C34C-46EF-AEDB-7D7A39AB6874}.Debug|x64.Build.0 = Debug|Any CPU
		{B60701D1-C34C-46EF-AEDB-7D7A39AB6874}.Debug|x86.ActiveCfg = Debug|Any CPU
		{B60701D1-C34C-46EF-AEDB-7D7A39AB6874}.Debug|x86.Build.0 = Debug|Any CPU
		{B60701D1-C34C-46EF-AEDB-7D7A39AB6874}.Release|Any CPU.ActiveCfg = Release|Any CPU
		{B60701D1-C34C-46EF-AEDB-7D7A39AB6874}.Release|Any CPU.Build.0 = Release|Any CPU
		{B60701D1-C34C-46EF-AEDB-7D7A39AB6874}.Release|x64.ActiveCfg = Release|Any CPU
		{B60701D1-C34C-46EF-AEDB-7D7A39AB6874}.Release|x64.Build.0 = Release|Any CPU
		{B60701D1-C34C-46EF-AEDB-7D7A39AB6874}.Release|x86.ActiveCfg = Release|Any CPU
		{B60701D1-C34C-46EF-AEDB-7D7A39AB6874}.Release|x86.Build.0 = Release|Any CPU
	EndGlobalSection
	GlobalSection(SolutionProperties) = preSolution
		HideSolutionNode = FALSE
	EndGlobalSection
	GlobalSection(ExtensibilityGlobals) = postSolution
		SolutionGuid = {DAF9BB05-D789-41AB-BC0F-3539DA117C83}
	EndGlobalSection
EndGlobal
